# This file is automatically @generated by Cargo.
# It is not intended for manual editing.
version = 3

[[package]]
name = "bitflags"
version = "1.3.2"
source = "registry+https://github.com/rust-lang/crates.io-index"
checksum = "bef38d45163c2f1dde094a7dfd33ccf595c92905c8f8f4fdc18d06fb1037718a"

[[package]]
name = "ferrite-engine"
version = "0.1.0"
dependencies = [
 "ferrite-format",
 "io-uring",
 "libc",
]

[[package]]
name = "ferrite-format"
version = "0.1.0"

[[package]]
name = "ferrite-integration"
version = "0.1.0"
dependencies = [
 "ferrite-engine",
 "ferrite-format",
 "ferrite-parity",
]

[[package]]
name = "ferrite-parity"
version = "0.1.0"

[[package]]
name = "io-uring"
version = "0.6.4"
source = "registry+https://github.com/rust-lang/crates.io-index"
checksum = "595a0399f411a508feb2ec1e970a4a30c249351e30208960d58298de8660b0e5"
dependencies = [
 "bitflags",
 "libc",
]

[[package]]
name = "libc"
version = "0.2.189"
source = "registry+https://github.com/rust-lang/crates.io-index"
checksum = "3eaf3ede3fee6db1a4c2ee091bf8a8b4dccdc6d17f656fb07896ee72867612f2"
