# This file is automatically @generated by Cargo.
# It is not intended for manual editing.
version = 3

[[package]]
name = "ferrite-engine"
version = "0.1.0"
dependencies = [
 "ferrite-format",
]

[[package]]
name = "ferrite-format"
version = "0.1.0"

[[package]]
name = "ferrite-integration"
version = "0.1.0"
dependencies = [
 "ferrite-engine",
 "ferrite-format",
 "ferrite-parity",
]

[[package]]
name = "ferrite-parity"
version = "0.1.0"
